using System;
using System.Collections.Generic;
using System.Linq;
using System.Text;
using System.Threading.Tasks;

namespace PigDice_revamped_ {
	class Program {
		static void Main(string[] args) {
			int HighScore = 0;
			long GameCntr = 0;
			int Gamescore = 0;
			int die = 0;
			Random rnd = new Random();
			while (HighScore<600) {

				die = 2;

				while(die>1) {
					die = rnd.Next(1, 7);
					Gamescore += die;
				}
				
				GameCntr++;
				if  (Gamescore>HighScore) { HighScore = Gamescore; }
				if ((GameCntr % 1000000)==0) {
					Console.WriteLine("Game {0}, High Score: {1}", string.Format("{0:n0}", GameCntr), HighScore);
				}
				Gamescore = 0;
			}
			Console.WriteLine("Game {0}, High Score: {1}", string.Format("{0:n0}", GameCntr), HighScore);

		}
	}
}
